
Microsoft Visual Studio Solution File, Format Version 12.00
# Visual Studio Version 17
VisualStudioVersion = 17.5.002.0
MinimumVisualStudioVersion = 10.0.40219.1
Project("{9A19103F-16F7-4668-BE54-9A1E7A4F7556}") = "DesafioPOO", "DesafioPOO.csproj", "{7AF276B2-982C-45AF-B5CB-DD120D0B74D6}"
EndProject
Global
	GlobalSection(SolutionConfigurationPlatforms) = preSolution
		Debug|Any CPU = Debug|Any CPU
		Release|Any CPU = Release|Any CPU
	EndGlobalSection
	GlobalSection(ProjectConfigurationPlatforms) = postSolution
		{7AF276B2-982C-45AF-B5CB-DD120D0B74D6}.Debug|Any CPU.ActiveCfg = Debug|Any CPU
		{7AF276B2-982C-45AF-B5CB-DD120D0B74D6}.Debug|Any CPU.Build.0 = Debug|Any CPU
		{7AF276B2-982C-45AF-B5CB-DD120D0B74D6}.Release|Any CPU.ActiveCfg = Release|Any CPU
		{7AF276B2-982C-45AF-B5CB-DD120D0B74D6}.Release|Any CPU.Build.0 = Release|Any CPU
	EndGlobalSection
	GlobalSection(SolutionProperties) = preSolution
		HideSolutionNode = FALSE
	EndGlobalSection
	GlobalSection(ExtensibilityGlobals) = postSolution
		SolutionGuid = {35D4F2D6-40F0-4815-87F2-6A39E5BB83C3}
	EndGlobalSection
EndGlobal
